
Microsoft Visual Studio Solution File, Format Version 12.00
# Visual Studio Version 17
VisualStudioVersion = 17.3.32825.248
MinimumVisualStudioVersion = 10.0.40219.1
Project("{FAE04EC0-301F-11D3-BF4B-00C04F79EFBC}") = "CSharpTest1", "CSharpTest1\CSharpTest1.csproj", "{A5D9E5BA-5DD5-4906-8162-AA11021A2368}"
EndProject
Global
	GlobalSection(SolutionConfigurationPlatforms) = preSolution
		Debug|Any CPU = Debug|Any CPU
		Release|Any CPU = Release|Any CPU
	EndGlobalSection
	GlobalSection(ProjectConfigurationPlatforms) = postSolution
		{A5D9E5BA-5DD5-4906-8162-AA11021A2368}.Debug|Any CPU.ActiveCfg = Debug|Any CPU
		{A5D9E5BA-5DD5-4906-8162-AA11021A2368}.Debug|Any CPU.Build.0 = Debug|Any CPU
		{A5D9E5BA-5DD5-4906-8162-AA11021A2368}.Release|Any CPU.ActiveCfg = Release|Any CPU
		{A5D9E5BA-5DD5-4906-8162-AA11021A2368}.Release|Any CPU.Build.0 = Release|Any CPU
	EndGlobalSection
	GlobalSection(SolutionProperties) = preSolution
		HideSolutionNode = FALSE
	EndGlobalSection
	GlobalSection(ExtensibilityGlobals) = postSolution
		SolutionGuid = {3D3C858F-6892-4A52-B5C6-44CE6AE5454C}
	EndGlobalSection
EndGlobal
